
Microsoft Visual Studio Solution File, Format Version 12.00
# Visual Studio 14
VisualStudioVersion = 14.0.25420.1
MinimumVisualStudioVersion = 10.0.40219.1
Project("{FAE04EC0-301F-11D3-BF4B-00C04F79EFBC}") = "OfficialSample", "OfficialSample\OfficialSample.csproj", "{1ADF8679-FA7E-40A9-8B3B-16C8C79E3613}"
EndProject
Project("{FAE04EC0-301F-11D3-BF4B-00C04F79EFBC}") = "OfficialSampleWPF", "OfficialSampleWPF\OfficialSampleWPF.csproj", "{41342915-8DB3-45C1-869C-BA1C026FE234}"
EndProject
Project("{FAE04EC0-301F-11D3-BF4B-00C04F79EFBC}") = "TouchPoints", "TouchPoints\TouchPoints.csproj", "{64FCE797-4647-467B-A649-A4124A4D5751}"
EndProject
Project("{FAE04EC0-301F-11D3-BF4B-00C04F79EFBC}") = "Bones", "Bones\Bones.csproj", "{9F75CE32-0ED6-4657-AF4C-9E80EA89772A}"
EndProject
Project("{FAE04EC0-301F-11D3-BF4B-00C04F79EFBC}") = "SampleFingerTips", "SampleOne\SampleFingerTips.csproj", "{C4B24B93-2E3D-4572-92CA-98C752F927DD}"
EndProject
Project("{FAE04EC0-301F-11D3-BF4B-00C04F79EFBC}") = "TrackCircle", "TrackCircle\TrackCircle.csproj", "{52C962A7-C0EA-4ED3-85BD-E6AEE02C03B6}"
EndProject
Project("{FAE04EC0-301F-11D3-BF4B-00C04F79EFBC}") = "VirtualHand", "VirtualHand\VirtualHand.csproj", "{B1FF2354-8A67-41D9-9832-1AA587B19812}"
EndProject
Global
	GlobalSection(SolutionConfigurationPlatforms) = preSolution
		Debug|Any CPU = Debug|Any CPU
		Debug|x64 = Debug|x64
		Release|Any CPU = Release|Any CPU
		Release|x64 = Release|x64
	EndGlobalSection
	GlobalSection(ProjectConfigurationPlatforms) = postSolution
		{1ADF8679-FA7E-40A9-8B3B-16C8C79E3613}.Debug|Any CPU.ActiveCfg = Debug|Any CPU
		{1ADF8679-FA7E-40A9-8B3B-16C8C79E3613}.Debug|Any CPU.Build.0 = Debug|Any CPU
		{1ADF8679-FA7E-40A9-8B3B-16C8C79E3613}.Debug|x64.ActiveCfg = Debug|Any CPU
		{1ADF8679-FA7E-40A9-8B3B-16C8C79E3613}.Debug|x64.Build.0 = Debug|Any CPU
		{1ADF8679-FA7E-40A9-8B3B-16C8C79E3613}.Release|Any CPU.ActiveCfg = Release|Any CPU
		{1ADF8679-FA7E-40A9-8B3B-16C8C79E3613}.Release|Any CPU.Build.0 = Release|Any CPU
		{1ADF8679-FA7E-40A9-8B3B-16C8C79E3613}.Release|x64.ActiveCfg = Release|Any CPU
		{1ADF8679-FA7E-40A9-8B3B-16C8C79E3613}.Release|x64.Build.0 = Release|Any CPU
		{41342915-8DB3-45C1-869C-BA1C026FE234}.Debug|Any CPU.ActiveCfg = Debug|Any CPU
		{41342915-8DB3-45C1-869C-BA1C026FE234}.Debug|Any CPU.Build.0 = Debug|Any CPU
		{41342915-8DB3-45C1-869C-BA1C026FE234}.Debug|x64.ActiveCfg = Debug|x64
		{41342915-8DB3-45C1-869C-BA1C026FE234}.Debug|x64.Build.0 = Debug|x64
		{41342915-8DB3-45C1-869C-BA1C026FE234}.Release|Any CPU.ActiveCfg = Release|Any CPU
		{41342915-8DB3-45C1-869C-BA1C026FE234}.Release|Any CPU.Build.0 = Release|Any CPU
		{41342915-8DB3-45C1-869C-BA1C026FE234}.Release|x64.ActiveCfg = Release|x64
		{41342915-8DB3-45C1-869C-BA1C026FE234}.Release|x64.Build.0 = Release|x64
		{64FCE797-4647-467B-A649-A4124A4D5751}.Debug|Any CPU.ActiveCfg = Debug|Any CPU
		{64FCE797-4647-467B-A649-A4124A4D5751}.Debug|Any CPU.Build.0 = Debug|Any CPU
		{64FCE797-4647-467B-A649-A4124A4D5751}.Debug|x64.ActiveCfg = Debug|Any CPU
		{64FCE797-4647-467B-A649-A4124A4D5751}.Debug|x64.Build.0 = Debug|Any CPU
		{64FCE797-4647-467B-A649-A4124A4D5751}.Release|Any CPU.ActiveCfg = Release|Any CPU
		{64FCE797-4647-467B-A649-A4124A4D5751}.Release|Any CPU.Build.0 = Release|Any CPU
		{64FCE797-4647-467B-A649-A4124A4D5751}.Release|x64.ActiveCfg = Release|Any CPU
		{64FCE797-4647-467B-A649-A4124A4D5751}.Release|x64.Build.0 = Release|Any CPU
		{9F75CE32-0ED6-4657-AF4C-9E80EA89772A}.Debug|Any CPU.ActiveCfg = Debug|Any CPU
		{9F75CE32-0ED6-4657-AF4C-9E80EA89772A}.Debug|Any CPU.Build.0 = Debug|Any CPU
		{9F75CE32-0ED6-4657-AF4C-9E80EA89772A}.Debug|x64.ActiveCfg = Debug|Any CPU
		{9F75CE32-0ED6-4657-AF4C-9E80EA89772A}.Debug|x64.Build.0 = Debug|Any CPU
		{9F75CE32-0ED6-4657-AF4C-9E80EA89772A}.Release|Any CPU.ActiveCfg = Release|Any CPU
		{9F75CE32-0ED6-4657-AF4C-9E80EA89772A}.Release|Any CPU.Build.0 = Release|Any CPU
		{9F75CE32-0ED6-4657-AF4C-9E80EA89772A}.Release|x64.ActiveCfg = Release|Any CPU
		{9F75CE32-0ED6-4657-AF4C-9E80EA89772A}.Release|x64.Build.0 = Release|Any CPU
		{C4B24B93-2E3D-4572-92CA-98C752F927DD}.Debug|Any CPU.ActiveCfg = Debug|Any CPU
		{C4B24B93-2E3D-4572-92CA-98C752F927DD}.Debug|Any CPU.Build.0 = Debug|Any CPU
		{C4B24B93-2E3D-4572-92CA-98C752F927DD}.Debug|x64.ActiveCfg = Debug|Any CPU
		{C4B24B93-2E3D-4572-92CA-98C752F927DD}.Debug|x64.Build.0 = Debug|Any CPU
		{C4B24B93-2E3D-4572-92CA-98C752F927DD}.Release|Any CPU.ActiveCfg = Release|Any CPU
		{C4B24B93-2E3D-4572-92CA-98C752F927DD}.Release|Any CPU.Build.0 = Release|Any CPU
		{C4B24B93-2E3D-4572-92CA-98C752F927DD}.Release|x64.ActiveCfg = Release|Any CPU
		{C4B24B93-2E3D-4572-92CA-98C752F927DD}.Release|x64.Build.0 = Release|Any CPU
		{52C962A7-C0EA-4ED3-85BD-E6AEE02C03B6}.Debug|Any CPU.ActiveCfg = Debug|Any CPU
		{52C962A7-C0EA-4ED3-85BD-E6AEE02C03B6}.Debug|Any CPU.Build.0 = Debug|Any CPU
		{52C962A7-C0EA-4ED3-85BD-E6AEE02C03B6}.Debug|x64.ActiveCfg = Debug|Any CPU
		{52C962A7-C0EA-4ED3-85BD-E6AEE02C03B6}.Debug|x64.Build.0 = Debug|Any CPU
		{52C962A7-C0EA-4ED3-85BD-E6AEE02C03B6}.Release|Any CPU.ActiveCfg = Release|Any CPU
		{52C962A7-C0EA-4ED3-85BD-E6AEE02C03B6}.Release|Any CPU.Build.0 = Release|Any CPU
		{52C962A7-C0EA-4ED3-85BD-E6AEE02C03B6}.Release|x64.ActiveCfg = Release|Any CPU
		{52C962A7-C0EA-4ED3-85BD-E6AEE02C03B6}.Release|x64.Build.0 = Release|Any CPU
		{B1FF2354-8A67-41D9-9832-1AA587B19812}.Debug|Any CPU.ActiveCfg = Debug|Any CPU
		{B1FF2354-8A67-41D9-9832-1AA587B19812}.Debug|Any CPU.Build.0 = Debug|Any CPU
		{B1FF2354-8A67-41D9-9832-1AA587B19812}.Debug|x64.ActiveCfg = Debug|Any CPU
		{B1FF2354-8A67-41D9-9832-1AA587B19812}.Debug|x64.Build.0 = Debug|Any CPU
		{B1FF2354-8A67-41D9-9832-1AA587B19812}.Release|Any CPU.ActiveCfg = Release|Any CPU
		{B1FF2354-8A67-41D9-9832-1AA587B19812}.Release|Any CPU.Build.0 = Release|Any CPU
		{B1FF2354-8A67-41D9-9832-1AA587B19812}.Release|x64.ActiveCfg = Release|Any CPU
		{B1FF2354-8A67-41D9-9832-1AA587B19812}.Release|x64.Build.0 = Release|Any CPU
	EndGlobalSection
	GlobalSection(SolutionProperties) = preSolution
		HideSolutionNode = FALSE
	EndGlobalSection
EndGlobal
